{
  "name": "gnome-shell-extension-hello-world",
  "version": "1.0.0",
  "lockfileVersion": 1,
  "requires": true,
  "dependencies": {
    "gnome-shell-extension-types": {
      "version": "0.0.1",
      "resolved": "https://registry.npmjs.org/gnome-shell-extension-types/-/gnome-shell-extension-types-0.0.1.tgz",
      "integrity": "sha512-qAamPpbOkhYhNLF1fbDFZCcreji5Yz21mpLTMxSmyio9p4+5WJSsHBmjGT/buerRviU1IqqnjArcn4bjl7LPnQ==",
      "dev": true
    }
  }
}
